<?xml version="1.0" encoding="utf-8"?>
<Project ToolsVersion="4.0" xmlns="http://schemas.microsoft.com/developer/msbuild/2003">
  <ItemGroup>
    <Filter Include="Platform">
      <UniqueIdentifier>{2AC788B4-1694-E3BF-3FAD-D1672BD9184E}</UniqueIdentifier>
    </Filter>
    <Filter Include="Platform\OpenGL">
      <UniqueIdentifier>{1E7D2C1D-8A08-9AE1-9319-1DD6FF23F6E1}</UniqueIdentifier>
    </Filter>
    <Filter Include="Platform\Windows">
      <UniqueIdentifier>{64FBD71A-50F4-F66C-7926-DCF1657ED678}</UniqueIdentifier>
    </Filter>
    <Filter Include="SoftwareBuilder">
      <UniqueIdentifier>{17A4DF94-832F-4D59-8C40-D04DF84AA959}</UniqueIdentifier>
    </Filter>
    <Filter Include="SoftwareBuilder\Events">
      <UniqueIdentifier>{1BF0BEB5-07EA-E707-F056-7E18DCEF4D74}</UniqueIdentifier>
    </Filter>
    <Filter Include="SoftwareBuilder\imgui">
      <UniqueIdentifier>{C126D22E-2D93-8D29-F686-258762B2AF91}</UniqueIdentifier>
    </Filter>
  </ItemGroup>
  <ItemGroup>
    <ClInclude Include="src\Platform\OpenGL\ImGuiOpenGLRenderer.h">
      <Filter>Platform\OpenGL</Filter>
    </ClInclude>
    <ClInclude Include="src\Platform\Windows\WindowsWindow.h">
      <Filter>Platform\Windows</Filter>
    </ClInclude>
    <ClInclude Include="src\SoftwareBuilder.h" />
    <ClInclude Include="src\SoftwareBuilder\Application.h">
      <Filter>SoftwareBuilder</Filter>
    </ClInclude>
    <ClInclude Include="src\SoftwareBuilder\Core.h">
      <Filter>SoftwareBuilder</Filter>
    </ClInclude>
    <ClInclude Include="src\SoftwareBuilder\EntryPoint.h">
      <Filter>SoftwareBuilder</Filter>
    </ClInclude>
    <ClInclude Include="src\SoftwareBuilder\Events\ApplicationEvent.h">
      <Filter>SoftwareBuilder\Events</Filter>
    </ClInclude>
    <ClInclude Include="src\SoftwareBuilder\Events\Event.h">
      <Filter>SoftwareBuilder\Events</Filter>
    </ClInclude>
    <ClInclude Include="src\SoftwareBuilder\Events\KeyEvent.h">
      <Filter>SoftwareBuilder\Events</Filter>
    </ClInclude>
    <ClInclude Include="src\SoftwareBuilder\Events\MouseEvent.h">
      <Filter>SoftwareBuilder\Events</Filter>
    </ClInclude>
    <ClInclude Include="src\SoftwareBuilder\Layer.h">
      <Filter>SoftwareBuilder</Filter>
    </ClInclude>
    <ClInclude Include="src\SoftwareBuilder\LayerStack.h">
      <Filter>SoftwareBuilder</Filter>
    </ClInclude>
    <ClInclude Include="src\SoftwareBuilder\Log.h">
      <Filter>SoftwareBuilder</Filter>
    </ClInclude>
    <ClInclude Include="src\SoftwareBuilder\Window.h">
      <Filter>SoftwareBuilder</Filter>
    </ClInclude>
    <ClInclude Include="src\SoftwareBuilder\imgui\ImGuiLayer.h">
      <Filter>SoftwareBuilder\imgui</Filter>
    </ClInclude>
    <ClInclude Include="src\sbpch.h" />
  </ItemGroup>
  <ItemGroup>
    <ClCompile Include="src\Platform\OpenGL\ImGuiOpenGLRenderer.cpp">
      <Filter>Platform\OpenGL</Filter>
    </ClCompile>
    <ClCompile Include="src\Platform\Windows\WindowsWindow.cpp">
      <Filter>Platform\Windows</Filter>
    </ClCompile>
    <ClCompile Include="src\SoftwareBuilder\Application.cpp">
      <Filter>SoftwareBuilder</Filter>
    </ClCompile>
    <ClCompile Include="src\SoftwareBuilder\Layer.cpp">
      <Filter>SoftwareBuilder</Filter>
    </ClCompile>
    <ClCompile Include="src\SoftwareBuilder\LayerStack.cpp">
      <Filter>SoftwareBuilder</Filter>
    </ClCompile>
    <ClCompile Include="src\SoftwareBuilder\Log.cpp">
      <Filter>SoftwareBuilder</Filter>
    </ClCompile>
    <ClCompile Include="src\SoftwareBuilder\imgui\ImGuiLayer.cpp">
      <Filter>SoftwareBuilder\imgui</Filter>
    </ClCompile>
    <ClCompile Include="src\sbpch.cpp" />
  </ItemGroup>
</Project>